
Microsoft Visual Studio Solution File, Format Version 12.00
# Visual Studio Version 17
VisualStudioVersion = 17.0.32112.339
MinimumVisualStudioVersion = 10.0.40219.1
Project("{FAE04EC0-301F-11D3-BF4B-00C04F79EFBC}") = "LineComparison", "LineComparison\LineComparison.csproj", "{9D01D625-2FFB-4C63-AC17-0A92196596BB}"
EndProject
Global
	GlobalSection(SolutionConfigurationPlatforms) = preSolution
		Debug|Any CPU = Debug|Any CPU
		Release|Any CPU = Release|Any CPU
	EndGlobalSection
	GlobalSection(ProjectConfigurationPlatforms) = postSolution
		{9D01D625-2FFB-4C63-AC17-0A92196596BB}.Debug|Any CPU.ActiveCfg = Debug|Any CPU
		{9D01D625-2FFB-4C63-AC17-0A92196596BB}.Debug|Any CPU.Build.0 = Debug|Any CPU
		{9D01D625-2FFB-4C63-AC17-0A92196596BB}.Release|Any CPU.ActiveCfg = Release|Any CPU
		{9D01D625-2FFB-4C63-AC17-0A92196596BB}.Release|Any CPU.Build.0 = Release|Any CPU
	EndGlobalSection
	GlobalSection(SolutionProperties) = preSolution
		HideSolutionNode = FALSE
	EndGlobalSection
	GlobalSection(ExtensibilityGlobals) = postSolution
		SolutionGuid = {5363F391-2419-434A-9202-9E4691F25A74}
	EndGlobalSection
EndGlobal
